
Microsoft Visual Studio Solution File, Format Version 12.00
# Visual Studio Version 17
VisualStudioVersion = 17.4.33213.308
MinimumVisualStudioVersion = 10.0.40219.1
Project("{9A19103F-16F7-4668-BE54-9A1E7A4F7556}") = "Cpts321 - HW1", "Cpts321 - HW1\Cpts321 - HW1.csproj", "{EF0CFD09-BFE1-49A9-80C3-40107ADD18EB}"
EndProject
Global
	GlobalSection(SolutionConfigurationPlatforms) = preSolution
		Debug|Any CPU = Debug|Any CPU
		Release|Any CPU = Release|Any CPU
	EndGlobalSection
	GlobalSection(ProjectConfigurationPlatforms) = postSolution
		{EF0CFD09-BFE1-49A9-80C3-40107ADD18EB}.Debug|Any CPU.ActiveCfg = Debug|Any CPU
		{EF0CFD09-BFE1-49A9-80C3-40107ADD18EB}.Debug|Any CPU.Build.0 = Debug|Any CPU
		{EF0CFD09-BFE1-49A9-80C3-40107ADD18EB}.Release|Any CPU.ActiveCfg = Release|Any CPU
		{EF0CFD09-BFE1-49A9-80C3-40107ADD18EB}.Release|Any CPU.Build.0 = Release|Any CPU
	EndGlobalSection
	GlobalSection(SolutionProperties) = preSolution
		HideSolutionNode = FALSE
	EndGlobalSection
	GlobalSection(ExtensibilityGlobals) = postSolution
		SolutionGuid = {83B62F21-AC5A-43CA-A5BD-B71374DF6CD9}
	EndGlobalSection
EndGlobal
