
Microsoft Visual Studio Solution File, Format Version 12.00
# Visual Studio Version 17
VisualStudioVersion = 17.4.33213.308
MinimumVisualStudioVersion = 10.0.40219.1
Project("{FAE04EC0-301F-11D3-BF4B-00C04F79EFBC}") = "Homework2Cpts321", "Homework2Cpts321\Homework2Cpts321.csproj", "{5BC5555C-21FB-4478-9C79-6C1921D7680C}"
EndProject
Project("{FAE04EC0-301F-11D3-BF4B-00C04F79EFBC}") = "Homework2Cpts321Tests", "Homework2Cpts321Tests\Homework2Cpts321Tests.csproj", "{F76B3364-0401-448A-8EF4-2AC4D2FE42A6}"
EndProject
Global
	GlobalSection(SolutionConfigurationPlatforms) = preSolution
		Debug|Any CPU = Debug|Any CPU
		Release|Any CPU = Release|Any CPU
	EndGlobalSection
	GlobalSection(ProjectConfigurationPlatforms) = postSolution
		{5BC5555C-21FB-4478-9C79-6C1921D7680C}.Debug|Any CPU.ActiveCfg = Debug|Any CPU
		{5BC5555C-21FB-4478-9C79-6C1921D7680C}.Debug|Any CPU.Build.0 = Debug|Any CPU
		{5BC5555C-21FB-4478-9C79-6C1921D7680C}.Release|Any CPU.ActiveCfg = Release|Any CPU
		{5BC5555C-21FB-4478-9C79-6C1921D7680C}.Release|Any CPU.Build.0 = Release|Any CPU
		{F76B3364-0401-448A-8EF4-2AC4D2FE42A6}.Debug|Any CPU.ActiveCfg = Debug|Any CPU
		{F76B3364-0401-448A-8EF4-2AC4D2FE42A6}.Debug|Any CPU.Build.0 = Debug|Any CPU
		{F76B3364-0401-448A-8EF4-2AC4D2FE42A6}.Release|Any CPU.ActiveCfg = Release|Any CPU
		{F76B3364-0401-448A-8EF4-2AC4D2FE42A6}.Release|Any CPU.Build.0 = Release|Any CPU
	EndGlobalSection
	GlobalSection(SolutionProperties) = preSolution
		HideSolutionNode = FALSE
	EndGlobalSection
	GlobalSection(ExtensibilityGlobals) = postSolution
		SolutionGuid = {45160955-449F-4CE8-86FB-020DDF6F6B92}
	EndGlobalSection
EndGlobal
