
Microsoft Visual Studio Solution File, Format Version 12.00
# Visual Studio Version 17
VisualStudioVersion = 17.4.33213.308
MinimumVisualStudioVersion = 10.0.40219.1
Project("{FAE04EC0-301F-11D3-BF4B-00C04F79EFBC}") = "Homework3Cpts321", "Homework3Cpts321\Homework3Cpts321.csproj", "{F2676613-39B4-4985-9781-82C9003F698E}"
EndProject
Project("{FAE04EC0-301F-11D3-BF4B-00C04F79EFBC}") = "HW3Testing", "HW3Testing\HW3Testing.csproj", "{EEDDC522-6768-46C9-A7A3-D027BA90DD76}"
EndProject
Global
	GlobalSection(SolutionConfigurationPlatforms) = preSolution
		Debug|Any CPU = Debug|Any CPU
		Release|Any CPU = Release|Any CPU
	EndGlobalSection
	GlobalSection(ProjectConfigurationPlatforms) = postSolution
		{F2676613-39B4-4985-9781-82C9003F698E}.Debug|Any CPU.ActiveCfg = Debug|Any CPU
		{F2676613-39B4-4985-9781-82C9003F698E}.Debug|Any CPU.Build.0 = Debug|Any CPU
		{F2676613-39B4-4985-9781-82C9003F698E}.Release|Any CPU.ActiveCfg = Release|Any CPU
		{F2676613-39B4-4985-9781-82C9003F698E}.Release|Any CPU.Build.0 = Release|Any CPU
		{EEDDC522-6768-46C9-A7A3-D027BA90DD76}.Debug|Any CPU.ActiveCfg = Debug|Any CPU
		{EEDDC522-6768-46C9-A7A3-D027BA90DD76}.Debug|Any CPU.Build.0 = Debug|Any CPU
		{EEDDC522-6768-46C9-A7A3-D027BA90DD76}.Release|Any CPU.ActiveCfg = Release|Any CPU
		{EEDDC522-6768-46C9-A7A3-D027BA90DD76}.Release|Any CPU.Build.0 = Release|Any CPU
	EndGlobalSection
	GlobalSection(SolutionProperties) = preSolution
		HideSolutionNode = FALSE
	EndGlobalSection
	GlobalSection(ExtensibilityGlobals) = postSolution
		SolutionGuid = {652F79A4-683A-40F9-96FC-08CA12CE9FB2}
	EndGlobalSection
EndGlobal
